{
  "name": "@sigmasd/gtk",
  "lockfileVersion": 3,
  "requires": true,
  "packages": {
    "": {
      "name": "@sigmasd/gtk",
      "dependencies": {
        "@sigma/deno-compat": "npm:@jsr/sigma__deno-compat@^0.20.4"
      },
      "peerDependencies": {
        "koffi": "^2.15.1"
      }
    },
    "node_modules/@sigma/deno-compat": {
      "name": "@jsr/sigma__deno-compat",
      "version": "0.20.4",
      "resolved": "https://npm.jsr.io/~/11/@jsr/sigma__deno-compat/0.20.4.tgz",
      "integrity": "sha512-tpR/U5sjc/p8YzyRnJPVPlr2U6YyRjXMRBNtQzNaZEaasOl+a16M0Xpeely+e8bmWJsOiXvj8AA7YhCo1l+DhQ=="
    },
    "node_modules/koffi": {
      "version": "2.15.1",
      "resolved": "https://registry.npmjs.org/koffi/-/koffi-2.15.1.tgz",
      "integrity": "sha512-mnc0C0crx/xMSljb5s9QbnLrlFHprioFO1hkXyuSuO/QtbpLDa0l/uM21944UfQunMKmp3/r789DTDxVyyH6aA==",
      "hasInstallScript": true,
      "license": "MIT",
      "peer": true,
      "funding": {
        "url": "https://liberapay.com/Koromix"
      }
    }
  }
}
