{
  "name": "@sigmasd/gtk",
  "lockfileVersion": 3,
  "requires": true,
  "packages": {
    "": {
      "name": "@sigmasd/gtk",
      "dependencies": {
        "@sigma/deno-compat": "npm:@jsr/sigma__deno-compat@^0.20.0"
      }
    },
    "node_modules/@sigma/deno-compat": {
      "name": "@jsr/sigma__deno-compat",
      "version": "0.20.0",
      "resolved": "https://npm.jsr.io/~/11/@jsr/sigma__deno-compat/0.20.0.tgz",
      "integrity": "sha512-GeztcUoXHz4GRlzyqePtDoEGRzJyo4gD461jsjS5IxZMrQsEUGeW0BINjoUwSY5Rb4oqYKC1hqnQyaetHTC3CQ==",
      "dependencies": {
        "koffi": "^2.15.1"
      }
    },
    "node_modules/koffi": {
      "version": "2.15.1",
      "resolved": "https://registry.npmjs.org/koffi/-/koffi-2.15.1.tgz",
      "integrity": "sha512-mnc0C0crx/xMSljb5s9QbnLrlFHprioFO1hkXyuSuO/QtbpLDa0l/uM21944UfQunMKmp3/r789DTDxVyyH6aA==",
      "hasInstallScript": true,
      "license": "MIT",
      "funding": {
        "url": "https://liberapay.com/Koromix"
      }
    }
  }
}
